// !$*UTF8*$!
{
	archiveVersion = 1;
	classes = {
	};
	objectVersion = 48;
	objects = {

/* Begin PBXBuildFile section */
		2692D7512125C60900DE2249 /* AppDelegate.swift in Sources */ = {isa = PBXBuildFile; fileRef = 2692D7502125C60900DE2249 /* AppDelegate.swift */; };
		2692D7532125C60900DE2249 /* ViewController.swift in Sources */ = {isa = PBXBuildFile; fileRef = 2692D7522125C60900DE2249 /* ViewController.swift */; };
		2692D7562125C60900DE2249 /* Main.storyboard in Resources */ = {isa = PBXBuildFile; fileRef = 2692D7542125C60900DE2249 /* Main.storyboard */; };
		2692D7582125C60A00DE2249 /* Assets.xcassets in Resources */ = {isa = PBXBuildFile; fileRef = 2692D7572125C60A00DE2249 /* Assets.xcassets */; };
		2692D75B2125C60A00DE2249 /* LaunchScreen.storyboard in Resources */ = {isa = PBXBuildFile; fileRef = 2692D7592125C60A00DE2249 /* LaunchScreen.storyboard */; };
		DE90AC468FBE998DC2CFAB35 /* Pods_InternetConnectionApp.framework in Frameworks */ = {isa = PBXBuildFile; fileRef = 94F351C88FB2B60B52C67FC1 /* Pods_InternetConnectionApp.framework */; };
/* End PBXBuildFile section */

/* Begin PBXFileReference section */
		2692D74D2125C60900DE2249 /* InternetConnectionApp.app */ = {isa = PBXFileReference; explicitFileType = wrapper.application; includeInIndex = 0; path = InternetConnectionApp.app; sourceTree = BUILT_PRODUCTS_DIR; };
		2692D7502125C60900DE2249 /* AppDelegate.swift */ = {isa = PBXFileReference; lastKnownFileType = sourcecode.swift; path = AppDelegate.swift; sourceTree = "<group>"; };
		2692D7522125C60900DE2249 /* ViewController.swift */ = {isa = PBXFileReference; lastKnownFileType = sourcecode.swift; path = ViewController.swift; sourceTree = "<group>"; };
		2692D7552125C60900DE2249 /* Base */ = {isa = PBXFileReference; lastKnownFileType = file.storyboard; name = Base; path = Base.lproj/Main.storyboard; sourceTree = "<group>"; };
		2692D7572125C60A00DE2249 /* Assets.xcassets */ = {isa = PBXFileReference; lastKnownFileType = folder.assetcatalog; path = Assets.xcassets; sourceTree = "<group>"; };
		2692D75A2125C60A00DE2249 /* Base */ = {isa = PBXFileReference; lastKnownFileType = file.storyboard; name = Base; path = Base.lproj/LaunchScreen.storyboard; sourceTree = "<group>"; };
		2692D75C2125C60A00DE2249 /* Info.plist */ = {isa = PBXFileReference; lastKnownFileType = text.plist.xml; path = Info.plist; sourceTree = "<group>"; };
		94F351C88FB2B60B52C67FC1 /* Pods_InternetConnectionApp.framework */ = {isa = PBXFileReference; explicitFileType = wrapper.framework; includeInIndex = 0; path = Pods_InternetConnectionApp.framework; sourceTree = BUILT_PRODUCTS_DIR; };
		BC0F2CB5340D80C2E7E8D1F2 /* Pods-InternetConnectionApp.release.xcconfig */ = {isa = PBXFileReference; includeInIndex = 1; lastKnownFileType = text.xcconfig; name = "Pods-InternetConnectionApp.release.xcconfig"; path = "Pods/Target Support Files/Pods-InternetConnectionApp/Pods-InternetConnectionApp.release.xcconfig"; sourceTree = "<group>"; };
		C125CDD7EADB830C43EF98E0 /* Pods-InternetConnectionApp.debug.xcconfig */ = {isa = PBXFileReference; includeInIndex = 1; lastKnownFileType = text.xcconfig; name = "Pods-InternetConnectionApp.debug.xcconfig"; path = "Pods/Target Support Files/Pods-InternetConnectionApp/Pods-InternetConnectionApp.debug.xcconfig"; sourceTree = "<group>"; };
/* End PBXFileReference section */

/* Begin PBXFrameworksBuildPhase section */
		2692D74A2125C60900DE2249 /* Frameworks */ = {
			isa = PBXFrameworksBuildPhase;
			buildActionMask = 2147483647;
			files = (
				DE90AC468FBE998DC2CFAB35 /* Pods_InternetConnectionApp.framework in Frameworks */,
			);
			runOnlyForDeploymentPostprocessing = 0;
		};
/* End PBXFrameworksBuildPhase section */

/* Begin PBXGroup section */
		054DAC3CBB1DCC0234A03419 /* Frameworks */ = {
			isa = PBXGroup;
			children = (
				94F351C88FB2B60B52C67FC1 /* Pods_InternetConnectionApp.framework */,
			);
			name = Frameworks;
			sourceTree = "<group>";
		};
		2692D7442125C60900DE2249 = {
			isa = PBXGroup;
			children = (
				2692D74F2125C60900DE2249 /* InternetConnectionApp */,
				2692D74E2125C60900DE2249 /* Products */,
				5CE8C8D267A75E033ADB5DA7 /* Pods */,
				054DAC3CBB1DCC0234A03419 /* Frameworks */,
			);
			sourceTree = "<group>";
		};
		2692D74E2125C60900DE2249 /* Products */ = {
			isa = PBXGroup;
			children = (
				2692D74D2125C60900DE2249 /* InternetConnectionApp.app */,
			);
			name = Products;
			sourceTree = "<group>";
		};
		2692D74F2125C60900DE2249 /* InternetConnectionApp */ = {
			isa = PBXGroup;
			children = (
				2692D7502125C60900DE2249 /* AppDelegate.swift */,
				2692D7522125C60900DE2249 /* ViewController.swift */,
				2692D7542125C60900DE2249 /* Main.storyboard */,
				2692D7572125C60A00DE2249 /* Assets.xcassets */,
				2692D7592125C60A00DE2249 /* LaunchScreen.storyboard */,
				2692D75C2125C60A00DE2249 /* Info.plist */,
			);
			path = InternetConnectionApp;
			sourceTree = "<group>";
		};
		5CE8C8D267A75E033ADB5DA7 /* Pods */ = {
			isa = PBXGroup;
			children = (
				C125CDD7EADB830C43EF98E0 /* Pods-InternetConnectionApp.debug.xcconfig */,
				BC0F2CB5340D80C2E7E8D1F2 /* Pods-InternetConnectionApp.release.xcconfig */,
			);
			name = Pods;
			sourceTree = "<group>";
		};
/* End PBXGroup section */

/* Begin PBXNativeTarget section */
		2692D74C2125C60900DE2249 /* InternetConnectionApp */ = {
			isa = PBXNativeTarget;
			buildConfigurationList = 2692D75F2125C60A00DE2249 /* Build configuration list for PBXNativeTarget "InternetConnectionApp" */;
			buildPhases = (
				034503E5245835FD32D99CDD /* [CP] Check Pods Manifest.lock */,
				2692D7492125C60900DE2249 /* Sources */,
				2692D74A2125C60900DE2249 /* Frameworks */,
				2692D74B2125C60900DE2249 /* Resources */,
				F7944F210CBE812F275E2A20 /* [CP] Embed Pods Frameworks */,
			);
			buildRules = (
			);
			dependencies = (
			);
			name = InternetConnectionApp;
			productName = InternetConnectionApp;
			productReference = 2692D74D2125C60900DE2249 /* InternetConnectionApp.app */;
			productType = "com.apple.product-type.application";
		};
/* End PBXNativeTarget section */

/* Begin PBXProject section */
		2692D7452125C60900DE2249 /* Project object */ = {
			isa = PBXProject;
			attributes = {
				LastSwiftUpdateCheck = 0940;
				LastUpgradeCheck = 0940;
				ORGANIZATIONNAME = hackeru;
				TargetAttributes = {
					2692D74C2125C60900DE2249 = {
						CreatedOnToolsVersion = 9.4.1;
						ProvisioningStyle = Automatic;
					};
				};
			};
			buildConfigurationList = 2692D7482125C60900DE2249 /* Build configuration list for PBXProject "InternetConnectionApp" */;
			compatibilityVersion = "Xcode 8.0";
			developmentRegion = en;
			hasScannedForEncodings = 0;
			knownRegions = (
				en,
				Base,
			);
			mainGroup = 2692D7442125C60900DE2249;
			productRefGroup = 2692D74E2125C60900DE2249 /* Products */;
			projectDirPath = "";
			projectRoot = "";
			targets = (
				2692D74C2125C60900DE2249 /* InternetConnectionApp */,
			);
		};
/* End PBXProject section */

/* Begin PBXResourcesBuildPhase section */
		2692D74B2125C60900DE2249 /* Resources */ = {
			isa = PBXResourcesBuildPhase;
			buildActionMask = 2147483647;
			files = (
				2692D75B2125C60A00DE2249 /* LaunchScreen.storyboard in Resources */,
				2692D7582125C60A00DE2249 /* Assets.xcassets in Resources */,
				2692D7562125C60900DE2249 /* Main.storyboard in Resources */,
			);
			runOnlyForDeploymentPostprocessing = 0;
		};
/* End PBXResourcesBuildPhase section */

/* Begin PBXShellScriptBuildPhase section */
		034503E5245835FD32D99CDD /* [CP] Check Pods Manifest.lock */ = {
			isa = PBXShellScriptBuildPhase;
			buildActionMask = 2147483647;
			files = (
			);
			inputPaths = (
				"${PODS_PODFILE_DIR_PATH}/Podfile.lock",
				"${PODS_ROOT}/Manifest.lock",
			);
			name = "[CP] Check Pods Manifest.lock";
			outputPaths = (
				"$(DERIVED_FILE_DIR)/Pods-InternetConnectionApp-checkManifestLockResult.txt",
			);
			runOnlyForDeploymentPostprocessing = 0;
			shellPath = /bin/sh;
			shellScript = "diff \"${PODS_PODFILE_DIR_PATH}/Podfile.lock\" \"${PODS_ROOT}/Manifest.lock\" > /dev/null\nif [ $? != 0 ] ; then\n    # print error to STDERR\n    echo \"error: The sandbox is not in sync with the Podfile.lock. Run 'pod install' or update your CocoaPods installation.\" >&2\n    exit 1\nfi\n# This output is used by Xcode 'outputs' to avoid re-running this script phase.\necho \"SUCCESS\" > \"${SCRIPT_OUTPUT_FILE_0}\"\n";
			showEnvVarsInLog = 0;
		};
		F7944F210CBE812F275E2A20 /* [CP] Embed Pods Frameworks */ = {
			isa = PBXShellScriptBuildPhase;
			buildActionMask = 2147483647;
			files = (
			);
			inputPaths = (
				"${SRCROOT}/Pods/Target Support Files/Pods-InternetConnectionApp/Pods-InternetConnectionApp-frameworks.sh",
				"${BUILT_PRODUCTS_DIR}/ReachabilitySwift/Reachability.framework",
			);
			name = "[CP] Embed Pods Frameworks";
			outputPaths = (
				"${TARGET_BUILD_DIR}/${FRAMEWORKS_FOLDER_PATH}/Reachability.framework",
			);
			runOnlyForDeploymentPostprocessing = 0;
			shellPath = /bin/sh;
			shellScript = "\"${SRCROOT}/Pods/Target Support Files/Pods-InternetConnectionApp/Pods-InternetConnectionApp-frameworks.sh\"\n";
			showEnvVarsInLog = 0;
		};
/* End PBXShellScriptBuildPhase section */

/* Begin PBXSourcesBuildPhase section */
		2692D7492125C60900DE2249 /* Sources */ = {
			isa = PBXSourcesBuildPhase;
			buildActionMask = 2147483647;
			files = (
				2692D7532125C60900DE2249 /* ViewController.swift in Sources */,
				2692D7512125C60900DE2249 /* AppDelegate.swift in Sources */,
			);
			runOnlyForDeploymentPostprocessing = 0;
		};
/* End PBXSourcesBuildPhase section */

/* Begin PBXVariantGroup section */
		2692D7542125C60900DE2249 /* Main.storyboard */ = {
			isa = PBXVariantGroup;
			children = (
				2692D7552125C60900DE2249 /* Base */,
			);
			name = Main.storyboard;
			sourceTree = "<group>";
		};
		2692D7592125C60A00DE2249 /* LaunchScreen.storyboard */ = {
			isa = PBXVariantGroup;
			children = (
				2692D75A2125C60A00DE2249 /* Base */,
			);
			name = LaunchScreen.storyboard;
			sourceTree = "<group>";
		};
/* End PBXVariantGroup section */

/* Begin XCBuildConfiguration section */
		2692D75D2125C60A00DE2249 /* Debug */ = {
			isa = XCBuildConfiguration;
			buildSettings = {
				ALWAYS_SEARCH_USER_PATHS = NO;
				CLANG_ANALYZER_NONNULL = YES;
				CLANG_ANALYZER_NUMBER_OBJECT_CONVERSION = YES_AGGRESSIVE;
				CLANG_CXX_LANGUAGE_STANDARD = "gnu++14";
				CLANG_CXX_LIBRARY = "libc++";
				CLANG_ENABLE_MODULES = YES;
				CLANG_ENABLE_OBJC_ARC = YES;
				CLANG_ENABLE_OBJC_WEAK = YES;
				CLANG_WARN_BLOCK_CAPTURE_AUTORELEASING = YES;
				CLANG_WARN_BOOL_CONVERSION = YES;
				CLANG_WARN_COMMA = YES;
				CLANG_WARN_CONSTANT_CONVERSION = YES;
				CLANG_WARN_DEPRECATED_OBJC_IMPLEMENTATIONS = YES;
				CLANG_WARN_DIRECT_OBJC_ISA_USAGE = YES_ERROR;
				CLANG_WARN_DOCUMENTATION_COMMENTS = YES;
				CLANG_WARN_EMPTY_BODY = YES;
				CLANG_WARN_ENUM_CONVERSION = YES;
				CLANG_WARN_INFINITE_RECURSION = YES;
				CLANG_WARN_INT_CONVERSION = YES;
				CLANG_WARN_NON_LITERAL_NULL_CONVERSION = YES;
				CLANG_WARN_OBJC_IMPLICIT_RETAIN_SELF = YES;
				CLANG_WARN_OBJC_LITERAL_CONVERSION = YES;
				CLANG_WARN_OBJC_ROOT_CLASS = YES_ERROR;
				CLANG_WARN_RANGE_LOOP_ANALYSIS = YES;
				CLANG_WARN_STRICT_PROTOTYPES = YES;
				CLANG_WARN_SUSPICIOUS_MOVE = YES;
				CLANG_WARN_UNGUARDED_AVAILABILITY = YES_AGGRESSIVE;
				CLANG_WARN_UNREACHABLE_CODE = YES;
				CLANG_WARN__DUPLICATE_METHOD_MATCH = YES;
				CODE_SIGN_IDENTITY = "iPhone Developer";
				COPY_PHASE_STRIP = NO;
				DEBUG_INFORMATION_FORMAT = dwarf;
				ENABLE_STRICT_OBJC_MSGSEND = YES;
				ENABLE_TESTABILITY = YES;
				GCC_C_LANGUAGE_STANDARD = gnu11;
				GCC_DYNAMIC_NO_PIC = NO;
				GCC_NO_COMMON_BLOCKS = YES;
				GCC_OPTIMIZATION_LEVEL = 0;
				GCC_PREPROCESSOR_DEFINITIONS = (
					"DEBUG=1",
					"$(inherited)",
				);
				GCC_WARN_64_TO_32_BIT_CONVERSION = YES;
				GCC_WARN_ABOUT_RETURN_TYPE = YES_ERROR;
				GCC_WARN_UNDECLARED_SELECTOR = YES;
				GCC_WARN_UNINITIALIZED_AUTOS = YES_AGGRESSIVE;
				GCC_WARN_UNUSED_FUNCTION = YES;
				GCC_WARN_UNUSED_VARIABLE = YES;
				IPHONEOS_DEPLOYMENT_TARGET = 11.4;
				MTL_ENABLE_DEBUG_INFO = YES;
				ONLY_ACTIVE_ARCH = YES;
				SDKROOT = iphoneos;
				SWIFT_ACTIVE_COMPILATION_CONDITIONS = DEBUG;
				SWIFT_OPTIMIZATION_LEVEL = "-Onone";
			};
			name = Debug;
		};
		2692D75E2125C60A00DE2249 /* Release */ = {
			isa = XCBuildConfiguration;
			buildSettings = {
				ALWAYS_SEARCH_USER_PATHS = NO;
				CLANG_ANALYZER_NONNULL = YES;
				CLANG_ANALYZER_NUMBER_OBJECT_CONVERSION = YES_AGGRESSIVE;
				CLANG_CXX_LANGUAGE_STANDARD = "gnu++14";
				CLANG_CXX_LIBRARY = "libc++";
				CLANG_ENABLE_MODULES = YES;
				CLANG_ENABLE_OBJC_ARC = YES;
				CLANG_ENABLE_OBJC_WEAK = YES;
				CLANG_WARN_BLOCK_CAPTURE_AUTORELEASING = YES;
				CLANG_WARN_BOOL_CONVERSION = YES;
				CLANG_WARN_COMMA = YES;
				CLANG_WARN_CONSTANT_CONVERSION = YES;
				CLANG_WARN_DEPRECATED_OBJC_IMPLEMENTATIONS = YES;
				CLANG_WARN_DIRECT_OBJC_ISA_USAGE = YES_ERROR;
				CLANG_WARN_DOCUMENTATION_COMMENTS = YES;
				CLANG_WARN_EMPTY_BODY = YES;
				CLANG_WARN_ENUM_CONVERSION = YES;
				CLANG_WARN_INFINITE_RECURSION = YES;
				CLANG_WARN_INT_CONVERSION = YES;
				CLANG_WARN_NON_LITERAL_NULL_CONVERSION = YES;
				CLANG_WARN_OBJC_IMPLICIT_RETAIN_SELF = YES;
				CLANG_WARN_OBJC_LITERAL_CONVERSION = YES;
				CLANG_WARN_OBJC_ROOT_CLASS = YES_ERROR;
				CLANG_WARN_RANGE_LOOP_ANALYSIS = YES;
				CLANG_WARN_STRICT_PROTOTYPES = YES;
				CLANG_WARN_SUSPICIOUS_MOVE = YES;
				CLANG_WARN_UNGUARDED_AVAILABILITY = YES_AGGRESSIVE;
				CLANG_WARN_UNREACHABLE_CODE = YES;
				CLANG_WARN__DUPLICATE_METHOD_MATCH = YES;
				CODE_SIGN_IDENTITY = "iPhone Developer";
				COPY_PHASE_STRIP = NO;
				DEBUG_INFORMATION_FORMAT = "dwarf-with-dsym";
				ENABLE_NS_ASSERTIONS = NO;
				ENABLE_STRICT_OBJC_MSGSEND = YES;
				GCC_C_LANGUAGE_STANDARD = gnu11;
				GCC_NO_COMMON_BLOCKS = YES;
				GCC_WARN_64_TO_32_BIT_CONVERSION = YES;
				GCC_WARN_ABOUT_RETURN_TYPE = YES_ERROR;
				GCC_WARN_UNDECLARED_SELECTOR = YES;
				GCC_WARN_UNINITIALIZED_AUTOS = YES_AGGRESSIVE;
				GCC_WARN_UNUSED_FUNCTION = YES;
				GCC_WARN_UNUSED_VARIABLE = YES;
				IPHONEOS_DEPLOYMENT_TARGET = 11.4;
				MTL_ENABLE_DEBUG_INFO = NO;
				SDKROOT = iphoneos;
				SWIFT_OPTIMIZATION_LEVEL = "-Owholemodule";
				VALIDATE_PRODUCT = YES;
			};
			name = Release;
		};
		2692D7602125C60A00DE2249 /* Debug */ = {
			isa = XCBuildConfiguration;
			baseConfigurationReference = C125CDD7EADB830C43EF98E0 /* Pods-InternetConnectionApp.debug.xcconfig */;
			buildSettings = {
				ASSETCATALOG_COMPILER_APPICON_NAME = AppIcon;
				CODE_SIGN_STYLE = Automatic;
				INFOPLIST_FILE = InternetConnectionApp/Info.plist;
				IPHONEOS_DEPLOYMENT_TARGET = 10.0;
				LD_RUNPATH_SEARCH_PATHS = "$(inherited) @executable_path/Frameworks";
				PRODUCT_BUNDLE_IDENTIFIER = com.hackeru.InternetConnectionApp;
				PRODUCT_NAME = "$(TARGET_NAME)";
				SWIFT_VERSION = 4.0;
				TARGETED_DEVICE_FAMILY = "1,2";
			};
			name = Debug;
		};
		2692D7612125C60A00DE2249 /* Release */ = {
			isa = XCBuildConfiguration;
			baseConfigurationReference = BC0F2CB5340D80C2E7E8D1F2 /* Pods-InternetConnectionApp.release.xcconfig */;
			buildSettings = {
				ASSETCATALOG_COMPILER_APPICON_NAME = AppIcon;
				CODE_SIGN_STYLE = Automatic;
				INFOPLIST_FILE = InternetConnectionApp/Info.plist;
				IPHONEOS_DEPLOYMENT_TARGET = 10.0;
				LD_RUNPATH_SEARCH_PATHS = "$(inherited) @executable_path/Frameworks";
				PRODUCT_BUNDLE_IDENTIFIER = com.hackeru.InternetConnectionApp;
				PRODUCT_NAME = "$(TARGET_NAME)";
				SWIFT_VERSION = 4.0;
				TARGETED_DEVICE_FAMILY = "1,2";
			};
			name = Release;
		};
/* End XCBuildConfiguration section */

/* Begin XCConfigurationList section */
		2692D7482125C60900DE2249 /* Build configuration list for PBXProject "InternetConnectionApp" */ = {
			isa = XCConfigurationList;
			buildConfigurations = (
				2692D75D2125C60A00DE2249 /* Debug */,
				2692D75E2125C60A00DE2249 /* Release */,
			);
			defaultConfigurationIsVisible = 0;
			defaultConfigurationName = Release;
		};
		2692D75F2125C60A00DE2249 /* Build configuration list for PBXNativeTarget "InternetConnectionApp" */ = {
			isa = XCConfigurationList;
			buildConfigurations = (
				2692D7602125C60A00DE2249 /* Debug */,
				2692D7612125C60A00DE2249 /* Release */,
			);
			defaultConfigurationIsVisible = 0;
			defaultConfigurationName = Release;
		};
/* End XCConfigurationList section */
	};
	rootObject = 2692D7452125C60900DE2249 /* Project object */;
}
