// !$*UTF8*$!
{
	archiveVersion = 1;
	classes = {
	};
	objectVersion = 48;
	objects = {

/* Begin PBXBuildFile section */
		6DEC322F20D2B6DC009D1F24 /* AppDelegate.swift in Sources */ = {isa = PBXBuildFile; fileRef = 6DEC322E20D2B6DC009D1F24 /* AppDelegate.swift */; };
		6DEC323120D2B6DC009D1F24 /* ViewController.swift in Sources */ = {isa = PBXBuildFile; fileRef = 6DEC323020D2B6DC009D1F24 /* ViewController.swift */; };
		6DEC323420D2B6DC009D1F24 /* Main.storyboard in Resources */ = {isa = PBXBuildFile; fileRef = 6DEC323220D2B6DC009D1F24 /* Main.storyboard */; };
		6DEC323620D2B6DC009D1F24 /* Assets.xcassets in Resources */ = {isa = PBXBuildFile; fileRef = 6DEC323520D2B6DC009D1F24 /* Assets.xcassets */; };
		6DEC323920D2B6DC009D1F24 /* LaunchScreen.storyboard in Resources */ = {isa = PBXBuildFile; fileRef = 6DEC323720D2B6DC009D1F24 /* LaunchScreen.storyboard */; };
		6DEC324120D2B6F4009D1F24 /* foods.plist in Resources */ = {isa = PBXBuildFile; fileRef = 6DEC324020D2B6F4009D1F24 /* foods.plist */; };
		6DEC324320D2C124009D1F24 /* FoodController.swift in Sources */ = {isa = PBXBuildFile; fileRef = 6DEC324220D2C124009D1F24 /* FoodController.swift */; };
/* End PBXBuildFile section */

/* Begin PBXFileReference section */
		6DEC322B20D2B6DC009D1F24 /* Foods.app */ = {isa = PBXFileReference; explicitFileType = wrapper.application; includeInIndex = 0; path = Foods.app; sourceTree = BUILT_PRODUCTS_DIR; };
		6DEC322E20D2B6DC009D1F24 /* AppDelegate.swift */ = {isa = PBXFileReference; lastKnownFileType = sourcecode.swift; path = AppDelegate.swift; sourceTree = "<group>"; };
		6DEC323020D2B6DC009D1F24 /* ViewController.swift */ = {isa = PBXFileReference; lastKnownFileType = sourcecode.swift; path = ViewController.swift; sourceTree = "<group>"; };
		6DEC323320D2B6DC009D1F24 /* Base */ = {isa = PBXFileReference; lastKnownFileType = file.storyboard; name = Base; path = Base.lproj/Main.storyboard; sourceTree = "<group>"; };
		6DEC323520D2B6DC009D1F24 /* Assets.xcassets */ = {isa = PBXFileReference; lastKnownFileType = folder.assetcatalog; path = Assets.xcassets; sourceTree = "<group>"; };
		6DEC323820D2B6DC009D1F24 /* Base */ = {isa = PBXFileReference; lastKnownFileType = file.storyboard; name = Base; path = Base.lproj/LaunchScreen.storyboard; sourceTree = "<group>"; };
		6DEC323A20D2B6DC009D1F24 /* Info.plist */ = {isa = PBXFileReference; lastKnownFileType = text.plist.xml; path = Info.plist; sourceTree = "<group>"; };
		6DEC324020D2B6F4009D1F24 /* foods.plist */ = {isa = PBXFileReference; lastKnownFileType = text.plist.xml; path = foods.plist; sourceTree = "<group>"; };
		6DEC324220D2C124009D1F24 /* FoodController.swift */ = {isa = PBXFileReference; lastKnownFileType = sourcecode.swift; path = FoodController.swift; sourceTree = "<group>"; };
/* End PBXFileReference section */

/* Begin PBXFrameworksBuildPhase section */
		6DEC322820D2B6DC009D1F24 /* Frameworks */ = {
			isa = PBXFrameworksBuildPhase;
			buildActionMask = 2147483647;
			files = (
			);
			runOnlyForDeploymentPostprocessing = 0;
		};
/* End PBXFrameworksBuildPhase section */

/* Begin PBXGroup section */
		6DEC322220D2B6DC009D1F24 = {
			isa = PBXGroup;
			children = (
				6DEC322D20D2B6DC009D1F24 /* Foods */,
				6DEC322C20D2B6DC009D1F24 /* Products */,
			);
			sourceTree = "<group>";
		};
		6DEC322C20D2B6DC009D1F24 /* Products */ = {
			isa = PBXGroup;
			children = (
				6DEC322B20D2B6DC009D1F24 /* Foods.app */,
			);
			name = Products;
			sourceTree = "<group>";
		};
		6DEC322D20D2B6DC009D1F24 /* Foods */ = {
			isa = PBXGroup;
			children = (
				6DEC322E20D2B6DC009D1F24 /* AppDelegate.swift */,
				6DEC323020D2B6DC009D1F24 /* ViewController.swift */,
				6DEC324220D2C124009D1F24 /* FoodController.swift */,
				6DEC323220D2B6DC009D1F24 /* Main.storyboard */,
				6DEC323520D2B6DC009D1F24 /* Assets.xcassets */,
				6DEC323720D2B6DC009D1F24 /* LaunchScreen.storyboard */,
				6DEC323A20D2B6DC009D1F24 /* Info.plist */,
				6DEC324020D2B6F4009D1F24 /* foods.plist */,
			);
			path = Foods;
			sourceTree = "<group>";
		};
/* End PBXGroup section */

/* Begin PBXNativeTarget section */
		6DEC322A20D2B6DC009D1F24 /* Foods */ = {
			isa = PBXNativeTarget;
			buildConfigurationList = 6DEC323D20D2B6DC009D1F24 /* Build configuration list for PBXNativeTarget "Foods" */;
			buildPhases = (
				6DEC322720D2B6DC009D1F24 /* Sources */,
				6DEC322820D2B6DC009D1F24 /* Frameworks */,
				6DEC322920D2B6DC009D1F24 /* Resources */,
			);
			buildRules = (
			);
			dependencies = (
			);
			name = Foods;
			productName = Foods;
			productReference = 6DEC322B20D2B6DC009D1F24 /* Foods.app */;
			productType = "com.apple.product-type.application";
		};
/* End PBXNativeTarget section */

/* Begin PBXProject section */
		6DEC322320D2B6DC009D1F24 /* Project object */ = {
			isa = PBXProject;
			attributes = {
				LastSwiftUpdateCheck = 0920;
				LastUpgradeCheck = 0920;
				ORGANIZATIONNAME = hungry.hackeru;
				TargetAttributes = {
					6DEC322A20D2B6DC009D1F24 = {
						CreatedOnToolsVersion = 9.2;
						ProvisioningStyle = Automatic;
					};
				};
			};
			buildConfigurationList = 6DEC322620D2B6DC009D1F24 /* Build configuration list for PBXProject "Foods" */;
			compatibilityVersion = "Xcode 8.0";
			developmentRegion = en;
			hasScannedForEncodings = 0;
			knownRegions = (
				en,
				Base,
			);
			mainGroup = 6DEC322220D2B6DC009D1F24;
			productRefGroup = 6DEC322C20D2B6DC009D1F24 /* Products */;
			projectDirPath = "";
			projectRoot = "";
			targets = (
				6DEC322A20D2B6DC009D1F24 /* Foods */,
			);
		};
/* End PBXProject section */

/* Begin PBXResourcesBuildPhase section */
		6DEC322920D2B6DC009D1F24 /* Resources */ = {
			isa = PBXResourcesBuildPhase;
			buildActionMask = 2147483647;
			files = (
				6DEC324120D2B6F4009D1F24 /* foods.plist in Resources */,
				6DEC323920D2B6DC009D1F24 /* LaunchScreen.storyboard in Resources */,
				6DEC323620D2B6DC009D1F24 /* Assets.xcassets in Resources */,
				6DEC323420D2B6DC009D1F24 /* Main.storyboard in Resources */,
			);
			runOnlyForDeploymentPostprocessing = 0;
		};
/* End PBXResourcesBuildPhase section */

/* Begin PBXSourcesBuildPhase section */
		6DEC322720D2B6DC009D1F24 /* Sources */ = {
			isa = PBXSourcesBuildPhase;
			buildActionMask = 2147483647;
			files = (
				6DEC324320D2C124009D1F24 /* FoodController.swift in Sources */,
				6DEC323120D2B6DC009D1F24 /* ViewController.swift in Sources */,
				6DEC322F20D2B6DC009D1F24 /* AppDelegate.swift in Sources */,
			);
			runOnlyForDeploymentPostprocessing = 0;
		};
/* End PBXSourcesBuildPhase section */

/* Begin PBXVariantGroup section */
		6DEC323220D2B6DC009D1F24 /* Main.storyboard */ = {
			isa = PBXVariantGroup;
			children = (
				6DEC323320D2B6DC009D1F24 /* Base */,
			);
			name = Main.storyboard;
			sourceTree = "<group>";
		};
		6DEC323720D2B6DC009D1F24 /* LaunchScreen.storyboard */ = {
			isa = PBXVariantGroup;
			children = (
				6DEC323820D2B6DC009D1F24 /* Base */,
			);
			name = LaunchScreen.storyboard;
			sourceTree = "<group>";
		};
/* End PBXVariantGroup section */

/* Begin XCBuildConfiguration section */
		6DEC323B20D2B6DC009D1F24 /* Debug */ = {
			isa = XCBuildConfiguration;
			buildSettings = {
				ALWAYS_SEARCH_USER_PATHS = NO;
				CLANG_ANALYZER_NONNULL = YES;
				CLANG_ANALYZER_NUMBER_OBJECT_CONVERSION = YES_AGGRESSIVE;
				CLANG_CXX_LANGUAGE_STANDARD = "gnu++14";
				CLANG_CXX_LIBRARY = "libc++";
				CLANG_ENABLE_MODULES = YES;
				CLANG_ENABLE_OBJC_ARC = YES;
				CLANG_WARN_BLOCK_CAPTURE_AUTORELEASING = YES;
				CLANG_WARN_BOOL_CONVERSION = YES;
				CLANG_WARN_COMMA = YES;
				CLANG_WARN_CONSTANT_CONVERSION = YES;
				CLANG_WARN_DIRECT_OBJC_ISA_USAGE = YES_ERROR;
				CLANG_WARN_DOCUMENTATION_COMMENTS = YES;
				CLANG_WARN_EMPTY_BODY = YES;
				CLANG_WARN_ENUM_CONVERSION = YES;
				CLANG_WARN_INFINITE_RECURSION = YES;
				CLANG_WARN_INT_CONVERSION = YES;
				CLANG_WARN_NON_LITERAL_NULL_CONVERSION = YES;
				CLANG_WARN_OBJC_LITERAL_CONVERSION = YES;
				CLANG_WARN_OBJC_ROOT_CLASS = YES_ERROR;
				CLANG_WARN_RANGE_LOOP_ANALYSIS = YES;
				CLANG_WARN_STRICT_PROTOTYPES = YES;
				CLANG_WARN_SUSPICIOUS_MOVE = YES;
				CLANG_WARN_UNGUARDED_AVAILABILITY = YES_AGGRESSIVE;
				CLANG_WARN_UNREACHABLE_CODE = YES;
				CLANG_WARN__DUPLICATE_METHOD_MATCH = YES;
				CODE_SIGN_IDENTITY = "iPhone Developer";
				COPY_PHASE_STRIP = NO;
				DEBUG_INFORMATION_FORMAT = dwarf;
				ENABLE_STRICT_OBJC_MSGSEND = YES;
				ENABLE_TESTABILITY = YES;
				GCC_C_LANGUAGE_STANDARD = gnu11;
				GCC_DYNAMIC_NO_PIC = NO;
				GCC_NO_COMMON_BLOCKS = YES;
				GCC_OPTIMIZATION_LEVEL = 0;
				GCC_PREPROCESSOR_DEFINITIONS = (
					"DEBUG=1",
					"$(inherited)",
				);
				GCC_WARN_64_TO_32_BIT_CONVERSION = YES;
				GCC_WARN_ABOUT_RETURN_TYPE = YES_ERROR;
				GCC_WARN_UNDECLARED_SELECTOR = YES;
				GCC_WARN_UNINITIALIZED_AUTOS = YES_AGGRESSIVE;
				GCC_WARN_UNUSED_FUNCTION = YES;
				GCC_WARN_UNUSED_VARIABLE = YES;
				IPHONEOS_DEPLOYMENT_TARGET = 11.2;
				MTL_ENABLE_DEBUG_INFO = YES;
				ONLY_ACTIVE_ARCH = YES;
				SDKROOT = iphoneos;
				SWIFT_ACTIVE_COMPILATION_CONDITIONS = DEBUG;
				SWIFT_OPTIMIZATION_LEVEL = "-Onone";
			};
			name = Debug;
		};
		6DEC323C20D2B6DC009D1F24 /* Release */ = {
			isa = XCBuildConfiguration;
			buildSettings = {
				ALWAYS_SEARCH_USER_PATHS = NO;
				CLANG_ANALYZER_NONNULL = YES;
				CLANG_ANALYZER_NUMBER_OBJECT_CONVERSION = YES_AGGRESSIVE;
				CLANG_CXX_LANGUAGE_STANDARD = "gnu++14";
				CLANG_CXX_LIBRARY = "libc++";
				CLANG_ENABLE_MODULES = YES;
				CLANG_ENABLE_OBJC_ARC = YES;
				CLANG_WARN_BLOCK_CAPTURE_AUTORELEASING = YES;
				CLANG_WARN_BOOL_CONVERSION = YES;
				CLANG_WARN_COMMA = YES;
				CLANG_WARN_CONSTANT_CONVERSION = YES;
				CLANG_WARN_DIRECT_OBJC_ISA_USAGE = YES_ERROR;
				CLANG_WARN_DOCUMENTATION_COMMENTS = YES;
				CLANG_WARN_EMPTY_BODY = YES;
				CLANG_WARN_ENUM_CONVERSION = YES;
				CLANG_WARN_INFINITE_RECURSION = YES;
				CLANG_WARN_INT_CONVERSION = YES;
				CLANG_WARN_NON_LITERAL_NULL_CONVERSION = YES;
				CLANG_WARN_OBJC_LITERAL_CONVERSION = YES;
				CLANG_WARN_OBJC_ROOT_CLASS = YES_ERROR;
				CLANG_WARN_RANGE_LOOP_ANALYSIS = YES;
				CLANG_WARN_STRICT_PROTOTYPES = YES;
				CLANG_WARN_SUSPICIOUS_MOVE = YES;
				CLANG_WARN_UNGUARDED_AVAILABILITY = YES_AGGRESSIVE;
				CLANG_WARN_UNREACHABLE_CODE = YES;
				CLANG_WARN__DUPLICATE_METHOD_MATCH = YES;
				CODE_SIGN_IDENTITY = "iPhone Developer";
				COPY_PHASE_STRIP = NO;
				DEBUG_INFORMATION_FORMAT = "dwarf-with-dsym";
				ENABLE_NS_ASSERTIONS = NO;
				ENABLE_STRICT_OBJC_MSGSEND = YES;
				GCC_C_LANGUAGE_STANDARD = gnu11;
				GCC_NO_COMMON_BLOCKS = YES;
				GCC_WARN_64_TO_32_BIT_CONVERSION = YES;
				GCC_WARN_ABOUT_RETURN_TYPE = YES_ERROR;
				GCC_WARN_UNDECLARED_SELECTOR = YES;
				GCC_WARN_UNINITIALIZED_AUTOS = YES_AGGRESSIVE;
				GCC_WARN_UNUSED_FUNCTION = YES;
				GCC_WARN_UNUSED_VARIABLE = YES;
				IPHONEOS_DEPLOYMENT_TARGET = 11.2;
				MTL_ENABLE_DEBUG_INFO = NO;
				SDKROOT = iphoneos;
				SWIFT_OPTIMIZATION_LEVEL = "-Owholemodule";
				VALIDATE_PRODUCT = YES;
			};
			name = Release;
		};
		6DEC323E20D2B6DC009D1F24 /* Debug */ = {
			isa = XCBuildConfiguration;
			buildSettings = {
				ASSETCATALOG_COMPILER_APPICON_NAME = AppIcon;
				CODE_SIGN_STYLE = Automatic;
				INFOPLIST_FILE = Foods/Info.plist;
				LD_RUNPATH_SEARCH_PATHS = "$(inherited) @executable_path/Frameworks";
				PRODUCT_BUNDLE_IDENTIFIER = hungry.hackeru.Foods;
				PRODUCT_NAME = "$(TARGET_NAME)";
				SWIFT_VERSION = 4.0;
				TARGETED_DEVICE_FAMILY = "1,2";
			};
			name = Debug;
		};
		6DEC323F20D2B6DC009D1F24 /* Release */ = {
			isa = XCBuildConfiguration;
			buildSettings = {
				ASSETCATALOG_COMPILER_APPICON_NAME = AppIcon;
				CODE_SIGN_STYLE = Automatic;
				INFOPLIST_FILE = Foods/Info.plist;
				LD_RUNPATH_SEARCH_PATHS = "$(inherited) @executable_path/Frameworks";
				PRODUCT_BUNDLE_IDENTIFIER = hungry.hackeru.Foods;
				PRODUCT_NAME = "$(TARGET_NAME)";
				SWIFT_VERSION = 4.0;
				TARGETED_DEVICE_FAMILY = "1,2";
			};
			name = Release;
		};
/* End XCBuildConfiguration section */

/* Begin XCConfigurationList section */
		6DEC322620D2B6DC009D1F24 /* Build configuration list for PBXProject "Foods" */ = {
			isa = XCConfigurationList;
			buildConfigurations = (
				6DEC323B20D2B6DC009D1F24 /* Debug */,
				6DEC323C20D2B6DC009D1F24 /* Release */,
			);
			defaultConfigurationIsVisible = 0;
			defaultConfigurationName = Release;
		};
		6DEC323D20D2B6DC009D1F24 /* Build configuration list for PBXNativeTarget "Foods" */ = {
			isa = XCConfigurationList;
			buildConfigurations = (
				6DEC323E20D2B6DC009D1F24 /* Debug */,
				6DEC323F20D2B6DC009D1F24 /* Release */,
			);
			defaultConfigurationIsVisible = 0;
			defaultConfigurationName = Release;
		};
/* End XCConfigurationList section */
	};
	rootObject = 6DEC322320D2B6DC009D1F24 /* Project object */;
}
