// !$*UTF8*$!
{
	archiveVersion = 1;
	classes = {
	};
	objectVersion = 48;
	objects = {

/* Begin PBXBuildFile section */
		26DF02DD210F664900D9EE54 /* AppDelegate.swift in Sources */ = {isa = PBXBuildFile; fileRef = 26DF02DC210F664900D9EE54 /* AppDelegate.swift */; };
		26DF02DF210F664900D9EE54 /* ViewController.swift in Sources */ = {isa = PBXBuildFile; fileRef = 26DF02DE210F664900D9EE54 /* ViewController.swift */; };
		26DF02E2210F664900D9EE54 /* Main.storyboard in Resources */ = {isa = PBXBuildFile; fileRef = 26DF02E0210F664900D9EE54 /* Main.storyboard */; };
		26DF02E4210F664900D9EE54 /* Assets.xcassets in Resources */ = {isa = PBXBuildFile; fileRef = 26DF02E3210F664900D9EE54 /* Assets.xcassets */; };
		26DF02E7210F664900D9EE54 /* LaunchScreen.storyboard in Resources */ = {isa = PBXBuildFile; fileRef = 26DF02E5210F664900D9EE54 /* LaunchScreen.storyboard */; };
		26DF02F0210F666700D9EE54 /* TitleLabel.swift in Sources */ = {isa = PBXBuildFile; fileRef = 26DF02EF210F666700D9EE54 /* TitleLabel.swift */; };
		26DF02F2210F6BA700D9EE54 /* HanaleiFill-Regular.ttf in Resources */ = {isa = PBXBuildFile; fileRef = 26DF02F1210F6BA700D9EE54 /* HanaleiFill-Regular.ttf */; };
		26DF02F4210F6C1400D9EE54 /* CustomFontLabel.swift in Sources */ = {isa = PBXBuildFile; fileRef = 26DF02F3210F6C1400D9EE54 /* CustomFontLabel.swift */; };
/* End PBXBuildFile section */

/* Begin PBXFileReference section */
		26DF02D9210F664900D9EE54 /* CustomLabel.app */ = {isa = PBXFileReference; explicitFileType = wrapper.application; includeInIndex = 0; path = CustomLabel.app; sourceTree = BUILT_PRODUCTS_DIR; };
		26DF02DC210F664900D9EE54 /* AppDelegate.swift */ = {isa = PBXFileReference; lastKnownFileType = sourcecode.swift; path = AppDelegate.swift; sourceTree = "<group>"; };
		26DF02DE210F664900D9EE54 /* ViewController.swift */ = {isa = PBXFileReference; lastKnownFileType = sourcecode.swift; path = ViewController.swift; sourceTree = "<group>"; };
		26DF02E1210F664900D9EE54 /* Base */ = {isa = PBXFileReference; lastKnownFileType = file.storyboard; name = Base; path = Base.lproj/Main.storyboard; sourceTree = "<group>"; };
		26DF02E3210F664900D9EE54 /* Assets.xcassets */ = {isa = PBXFileReference; lastKnownFileType = folder.assetcatalog; path = Assets.xcassets; sourceTree = "<group>"; };
		26DF02E6210F664900D9EE54 /* Base */ = {isa = PBXFileReference; lastKnownFileType = file.storyboard; name = Base; path = Base.lproj/LaunchScreen.storyboard; sourceTree = "<group>"; };
		26DF02E8210F664900D9EE54 /* Info.plist */ = {isa = PBXFileReference; lastKnownFileType = text.plist.xml; path = Info.plist; sourceTree = "<group>"; };
		26DF02EF210F666700D9EE54 /* TitleLabel.swift */ = {isa = PBXFileReference; lastKnownFileType = sourcecode.swift; path = TitleLabel.swift; sourceTree = "<group>"; };
		26DF02F1210F6BA700D9EE54 /* HanaleiFill-Regular.ttf */ = {isa = PBXFileReference; lastKnownFileType = file; path = "HanaleiFill-Regular.ttf"; sourceTree = "<group>"; };
		26DF02F3210F6C1400D9EE54 /* CustomFontLabel.swift */ = {isa = PBXFileReference; lastKnownFileType = sourcecode.swift; path = CustomFontLabel.swift; sourceTree = "<group>"; };
/* End PBXFileReference section */

/* Begin PBXFrameworksBuildPhase section */
		26DF02D6210F664900D9EE54 /* Frameworks */ = {
			isa = PBXFrameworksBuildPhase;
			buildActionMask = 2147483647;
			files = (
			);
			runOnlyForDeploymentPostprocessing = 0;
		};
/* End PBXFrameworksBuildPhase section */

/* Begin PBXGroup section */
		26DF02D0210F664900D9EE54 = {
			isa = PBXGroup;
			children = (
				26DF02DB210F664900D9EE54 /* CustomLabel */,
				26DF02DA210F664900D9EE54 /* Products */,
			);
			sourceTree = "<group>";
		};
		26DF02DA210F664900D9EE54 /* Products */ = {
			isa = PBXGroup;
			children = (
				26DF02D9210F664900D9EE54 /* CustomLabel.app */,
			);
			name = Products;
			sourceTree = "<group>";
		};
		26DF02DB210F664900D9EE54 /* CustomLabel */ = {
			isa = PBXGroup;
			children = (
				26DF02EE210F664E00D9EE54 /* view */,
				26DF02DC210F664900D9EE54 /* AppDelegate.swift */,
				26DF02DE210F664900D9EE54 /* ViewController.swift */,
				26DF02E0210F664900D9EE54 /* Main.storyboard */,
				26DF02E3210F664900D9EE54 /* Assets.xcassets */,
				26DF02E5210F664900D9EE54 /* LaunchScreen.storyboard */,
				26DF02E8210F664900D9EE54 /* Info.plist */,
				26DF02F1210F6BA700D9EE54 /* HanaleiFill-Regular.ttf */,
			);
			path = CustomLabel;
			sourceTree = "<group>";
		};
		26DF02EE210F664E00D9EE54 /* view */ = {
			isa = PBXGroup;
			children = (
				26DF02EF210F666700D9EE54 /* TitleLabel.swift */,
				26DF02F3210F6C1400D9EE54 /* CustomFontLabel.swift */,
			);
			path = view;
			sourceTree = "<group>";
		};
/* End PBXGroup section */

/* Begin PBXNativeTarget section */
		26DF02D8210F664900D9EE54 /* CustomLabel */ = {
			isa = PBXNativeTarget;
			buildConfigurationList = 26DF02EB210F664900D9EE54 /* Build configuration list for PBXNativeTarget "CustomLabel" */;
			buildPhases = (
				26DF02D5210F664900D9EE54 /* Sources */,
				26DF02D6210F664900D9EE54 /* Frameworks */,
				26DF02D7210F664900D9EE54 /* Resources */,
			);
			buildRules = (
			);
			dependencies = (
			);
			name = CustomLabel;
			productName = CustomLabel;
			productReference = 26DF02D9210F664900D9EE54 /* CustomLabel.app */;
			productType = "com.apple.product-type.application";
		};
/* End PBXNativeTarget section */

/* Begin PBXProject section */
		26DF02D1210F664900D9EE54 /* Project object */ = {
			isa = PBXProject;
			attributes = {
				LastSwiftUpdateCheck = 0940;
				LastUpgradeCheck = 0940;
				ORGANIZATIONNAME = hackeru;
				TargetAttributes = {
					26DF02D8210F664900D9EE54 = {
						CreatedOnToolsVersion = 9.4.1;
						ProvisioningStyle = Automatic;
					};
				};
			};
			buildConfigurationList = 26DF02D4210F664900D9EE54 /* Build configuration list for PBXProject "CustomLabel" */;
			compatibilityVersion = "Xcode 8.0";
			developmentRegion = en;
			hasScannedForEncodings = 0;
			knownRegions = (
				en,
				Base,
			);
			mainGroup = 26DF02D0210F664900D9EE54;
			productRefGroup = 26DF02DA210F664900D9EE54 /* Products */;
			projectDirPath = "";
			projectRoot = "";
			targets = (
				26DF02D8210F664900D9EE54 /* CustomLabel */,
			);
		};
/* End PBXProject section */

/* Begin PBXResourcesBuildPhase section */
		26DF02D7210F664900D9EE54 /* Resources */ = {
			isa = PBXResourcesBuildPhase;
			buildActionMask = 2147483647;
			files = (
				26DF02E7210F664900D9EE54 /* LaunchScreen.storyboard in Resources */,
				26DF02E4210F664900D9EE54 /* Assets.xcassets in Resources */,
				26DF02E2210F664900D9EE54 /* Main.storyboard in Resources */,
				26DF02F2210F6BA700D9EE54 /* HanaleiFill-Regular.ttf in Resources */,
			);
			runOnlyForDeploymentPostprocessing = 0;
		};
/* End PBXResourcesBuildPhase section */

/* Begin PBXSourcesBuildPhase section */
		26DF02D5210F664900D9EE54 /* Sources */ = {
			isa = PBXSourcesBuildPhase;
			buildActionMask = 2147483647;
			files = (
				26DF02F0210F666700D9EE54 /* TitleLabel.swift in Sources */,
				26DF02DF210F664900D9EE54 /* ViewController.swift in Sources */,
				26DF02F4210F6C1400D9EE54 /* CustomFontLabel.swift in Sources */,
				26DF02DD210F664900D9EE54 /* AppDelegate.swift in Sources */,
			);
			runOnlyForDeploymentPostprocessing = 0;
		};
/* End PBXSourcesBuildPhase section */

/* Begin PBXVariantGroup section */
		26DF02E0210F664900D9EE54 /* Main.storyboard */ = {
			isa = PBXVariantGroup;
			children = (
				26DF02E1210F664900D9EE54 /* Base */,
			);
			name = Main.storyboard;
			sourceTree = "<group>";
		};
		26DF02E5210F664900D9EE54 /* LaunchScreen.storyboard */ = {
			isa = PBXVariantGroup;
			children = (
				26DF02E6210F664900D9EE54 /* Base */,
			);
			name = LaunchScreen.storyboard;
			sourceTree = "<group>";
		};
/* End PBXVariantGroup section */

/* Begin XCBuildConfiguration section */
		26DF02E9210F664900D9EE54 /* Debug */ = {
			isa = XCBuildConfiguration;
			buildSettings = {
				ALWAYS_SEARCH_USER_PATHS = NO;
				CLANG_ANALYZER_NONNULL = YES;
				CLANG_ANALYZER_NUMBER_OBJECT_CONVERSION = YES_AGGRESSIVE;
				CLANG_CXX_LANGUAGE_STANDARD = "gnu++14";
				CLANG_CXX_LIBRARY = "libc++";
				CLANG_ENABLE_MODULES = YES;
				CLANG_ENABLE_OBJC_ARC = YES;
				CLANG_ENABLE_OBJC_WEAK = YES;
				CLANG_WARN_BLOCK_CAPTURE_AUTORELEASING = YES;
				CLANG_WARN_BOOL_CONVERSION = YES;
				CLANG_WARN_COMMA = YES;
				CLANG_WARN_CONSTANT_CONVERSION = YES;
				CLANG_WARN_DEPRECATED_OBJC_IMPLEMENTATIONS = YES;
				CLANG_WARN_DIRECT_OBJC_ISA_USAGE = YES_ERROR;
				CLANG_WARN_DOCUMENTATION_COMMENTS = YES;
				CLANG_WARN_EMPTY_BODY = YES;
				CLANG_WARN_ENUM_CONVERSION = YES;
				CLANG_WARN_INFINITE_RECURSION = YES;
				CLANG_WARN_INT_CONVERSION = YES;
				CLANG_WARN_NON_LITERAL_NULL_CONVERSION = YES;
				CLANG_WARN_OBJC_IMPLICIT_RETAIN_SELF = YES;
				CLANG_WARN_OBJC_LITERAL_CONVERSION = YES;
				CLANG_WARN_OBJC_ROOT_CLASS = YES_ERROR;
				CLANG_WARN_RANGE_LOOP_ANALYSIS = YES;
				CLANG_WARN_STRICT_PROTOTYPES = YES;
				CLANG_WARN_SUSPICIOUS_MOVE = YES;
				CLANG_WARN_UNGUARDED_AVAILABILITY = YES_AGGRESSIVE;
				CLANG_WARN_UNREACHABLE_CODE = YES;
				CLANG_WARN__DUPLICATE_METHOD_MATCH = YES;
				CODE_SIGN_IDENTITY = "iPhone Developer";
				COPY_PHASE_STRIP = NO;
				DEBUG_INFORMATION_FORMAT = dwarf;
				ENABLE_STRICT_OBJC_MSGSEND = YES;
				ENABLE_TESTABILITY = YES;
				GCC_C_LANGUAGE_STANDARD = gnu11;
				GCC_DYNAMIC_NO_PIC = NO;
				GCC_NO_COMMON_BLOCKS = YES;
				GCC_OPTIMIZATION_LEVEL = 0;
				GCC_PREPROCESSOR_DEFINITIONS = (
					"DEBUG=1",
					"$(inherited)",
				);
				GCC_WARN_64_TO_32_BIT_CONVERSION = YES;
				GCC_WARN_ABOUT_RETURN_TYPE = YES_ERROR;
				GCC_WARN_UNDECLARED_SELECTOR = YES;
				GCC_WARN_UNINITIALIZED_AUTOS = YES_AGGRESSIVE;
				GCC_WARN_UNUSED_FUNCTION = YES;
				GCC_WARN_UNUSED_VARIABLE = YES;
				IPHONEOS_DEPLOYMENT_TARGET = 11.4;
				MTL_ENABLE_DEBUG_INFO = YES;
				ONLY_ACTIVE_ARCH = YES;
				SDKROOT = iphoneos;
				SWIFT_ACTIVE_COMPILATION_CONDITIONS = DEBUG;
				SWIFT_OPTIMIZATION_LEVEL = "-Onone";
			};
			name = Debug;
		};
		26DF02EA210F664900D9EE54 /* Release */ = {
			isa = XCBuildConfiguration;
			buildSettings = {
				ALWAYS_SEARCH_USER_PATHS = NO;
				CLANG_ANALYZER_NONNULL = YES;
				CLANG_ANALYZER_NUMBER_OBJECT_CONVERSION = YES_AGGRESSIVE;
				CLANG_CXX_LANGUAGE_STANDARD = "gnu++14";
				CLANG_CXX_LIBRARY = "libc++";
				CLANG_ENABLE_MODULES = YES;
				CLANG_ENABLE_OBJC_ARC = YES;
				CLANG_ENABLE_OBJC_WEAK = YES;
				CLANG_WARN_BLOCK_CAPTURE_AUTORELEASING = YES;
				CLANG_WARN_BOOL_CONVERSION = YES;
				CLANG_WARN_COMMA = YES;
				CLANG_WARN_CONSTANT_CONVERSION = YES;
				CLANG_WARN_DEPRECATED_OBJC_IMPLEMENTATIONS = YES;
				CLANG_WARN_DIRECT_OBJC_ISA_USAGE = YES_ERROR;
				CLANG_WARN_DOCUMENTATION_COMMENTS = YES;
				CLANG_WARN_EMPTY_BODY = YES;
				CLANG_WARN_ENUM_CONVERSION = YES;
				CLANG_WARN_INFINITE_RECURSION = YES;
				CLANG_WARN_INT_CONVERSION = YES;
				CLANG_WARN_NON_LITERAL_NULL_CONVERSION = YES;
				CLANG_WARN_OBJC_IMPLICIT_RETAIN_SELF = YES;
				CLANG_WARN_OBJC_LITERAL_CONVERSION = YES;
				CLANG_WARN_OBJC_ROOT_CLASS = YES_ERROR;
				CLANG_WARN_RANGE_LOOP_ANALYSIS = YES;
				CLANG_WARN_STRICT_PROTOTYPES = YES;
				CLANG_WARN_SUSPICIOUS_MOVE = YES;
				CLANG_WARN_UNGUARDED_AVAILABILITY = YES_AGGRESSIVE;
				CLANG_WARN_UNREACHABLE_CODE = YES;
				CLANG_WARN__DUPLICATE_METHOD_MATCH = YES;
				CODE_SIGN_IDENTITY = "iPhone Developer";
				COPY_PHASE_STRIP = NO;
				DEBUG_INFORMATION_FORMAT = "dwarf-with-dsym";
				ENABLE_NS_ASSERTIONS = NO;
				ENABLE_STRICT_OBJC_MSGSEND = YES;
				GCC_C_LANGUAGE_STANDARD = gnu11;
				GCC_NO_COMMON_BLOCKS = YES;
				GCC_WARN_64_TO_32_BIT_CONVERSION = YES;
				GCC_WARN_ABOUT_RETURN_TYPE = YES_ERROR;
				GCC_WARN_UNDECLARED_SELECTOR = YES;
				GCC_WARN_UNINITIALIZED_AUTOS = YES_AGGRESSIVE;
				GCC_WARN_UNUSED_FUNCTION = YES;
				GCC_WARN_UNUSED_VARIABLE = YES;
				IPHONEOS_DEPLOYMENT_TARGET = 11.4;
				MTL_ENABLE_DEBUG_INFO = NO;
				SDKROOT = iphoneos;
				SWIFT_OPTIMIZATION_LEVEL = "-Owholemodule";
				VALIDATE_PRODUCT = YES;
			};
			name = Release;
		};
		26DF02EC210F664900D9EE54 /* Debug */ = {
			isa = XCBuildConfiguration;
			buildSettings = {
				ASSETCATALOG_COMPILER_APPICON_NAME = AppIcon;
				CODE_SIGN_STYLE = Automatic;
				INFOPLIST_FILE = CustomLabel/Info.plist;
				IPHONEOS_DEPLOYMENT_TARGET = 10.1;
				LD_RUNPATH_SEARCH_PATHS = "$(inherited) @executable_path/Frameworks";
				PRODUCT_BUNDLE_IDENTIFIER = com.hackeru.CustomLabel;
				PRODUCT_NAME = "$(TARGET_NAME)";
				SWIFT_VERSION = 4.0;
				TARGETED_DEVICE_FAMILY = "1,2";
			};
			name = Debug;
		};
		26DF02ED210F664900D9EE54 /* Release */ = {
			isa = XCBuildConfiguration;
			buildSettings = {
				ASSETCATALOG_COMPILER_APPICON_NAME = AppIcon;
				CODE_SIGN_STYLE = Automatic;
				INFOPLIST_FILE = CustomLabel/Info.plist;
				IPHONEOS_DEPLOYMENT_TARGET = 10.1;
				LD_RUNPATH_SEARCH_PATHS = "$(inherited) @executable_path/Frameworks";
				PRODUCT_BUNDLE_IDENTIFIER = com.hackeru.CustomLabel;
				PRODUCT_NAME = "$(TARGET_NAME)";
				SWIFT_VERSION = 4.0;
				TARGETED_DEVICE_FAMILY = "1,2";
			};
			name = Release;
		};
/* End XCBuildConfiguration section */

/* Begin XCConfigurationList section */
		26DF02D4210F664900D9EE54 /* Build configuration list for PBXProject "CustomLabel" */ = {
			isa = XCConfigurationList;
			buildConfigurations = (
				26DF02E9210F664900D9EE54 /* Debug */,
				26DF02EA210F664900D9EE54 /* Release */,
			);
			defaultConfigurationIsVisible = 0;
			defaultConfigurationName = Release;
		};
		26DF02EB210F664900D9EE54 /* Build configuration list for PBXNativeTarget "CustomLabel" */ = {
			isa = XCConfigurationList;
			buildConfigurations = (
				26DF02EC210F664900D9EE54 /* Debug */,
				26DF02ED210F664900D9EE54 /* Release */,
			);
			defaultConfigurationIsVisible = 0;
			defaultConfigurationName = Release;
		};
/* End XCConfigurationList section */
	};
	rootObject = 26DF02D1210F664900D9EE54 /* Project object */;
}
